
Microsoft Visual Studio Solution File, Format Version 12.00
# Visual Studio Version 17
VisualStudioVersion = 17.7.34221.43
MinimumVisualStudioVersion = 10.0.40219.1
Project("{FAE04EC0-301F-11D3-BF4B-00C04F79EFBC}") = "dom10(5)", "dom10(5)\dom10(5).csproj", "{1EE7894A-06AE-45C8-B93E-058B97AC2750}"
EndProject
Global
	GlobalSection(SolutionConfigurationPlatforms) = preSolution
		Debug|Any CPU = Debug|Any CPU
		Release|Any CPU = Release|Any CPU
	EndGlobalSection
	GlobalSection(ProjectConfigurationPlatforms) = postSolution
		{1EE7894A-06AE-45C8-B93E-058B97AC2750}.Debug|Any CPU.ActiveCfg = Debug|Any CPU
		{1EE7894A-06AE-45C8-B93E-058B97AC2750}.Debug|Any CPU.Build.0 = Debug|Any CPU
		{1EE7894A-06AE-45C8-B93E-058B97AC2750}.Release|Any CPU.ActiveCfg = Release|Any CPU
		{1EE7894A-06AE-45C8-B93E-058B97AC2750}.Release|Any CPU.Build.0 = Release|Any CPU
	EndGlobalSection
	GlobalSection(SolutionProperties) = preSolution
		HideSolutionNode = FALSE
	EndGlobalSection
	GlobalSection(ExtensibilityGlobals) = postSolution
		SolutionGuid = {C8968C5B-85B0-4CEF-BD2B-97CD426FAA34}
	EndGlobalSection
EndGlobal
